
Microsoft Visual Studio Solution File, Format Version 12.00
# Visual Studio Version 17
VisualStudioVersion = 17.11.35312.102
MinimumVisualStudioVersion = 10.0.40219.1
Project("{FAE04EC0-301F-11D3-BF4B-00C04F79EFBC}") = "VowelConstCount", "VowelConstCount.csproj", "{9B3F699F-2BBC-4273-A676-6F7FD4DB3DEF}"
EndProject
Global
	GlobalSection(SolutionConfigurationPlatforms) = preSolution
		Debug|Any CPU = Debug|Any CPU
		Release|Any CPU = Release|Any CPU
	EndGlobalSection
	GlobalSection(ProjectConfigurationPlatforms) = postSolution
		{9B3F699F-2BBC-4273-A676-6F7FD4DB3DEF}.Debug|Any CPU.ActiveCfg = Debug|Any CPU
		{9B3F699F-2BBC-4273-A676-6F7FD4DB3DEF}.Debug|Any CPU.Build.0 = Debug|Any CPU
		{9B3F699F-2BBC-4273-A676-6F7FD4DB3DEF}.Release|Any CPU.ActiveCfg = Release|Any CPU
		{9B3F699F-2BBC-4273-A676-6F7FD4DB3DEF}.Release|Any CPU.Build.0 = Release|Any CPU
	EndGlobalSection
	GlobalSection(SolutionProperties) = preSolution
		HideSolutionNode = FALSE
	EndGlobalSection
	GlobalSection(ExtensibilityGlobals) = postSolution
		SolutionGuid = {CC484534-2F17-4AD3-A27D-CF793D255A25}
	EndGlobalSection
EndGlobal
