
Microsoft Visual Studio Solution File, Format Version 12.00
# Visual Studio Version 17
VisualStudioVersion = 17.11.35312.102
MinimumVisualStudioVersion = 10.0.40219.1
Project("{FAE04EC0-301F-11D3-BF4B-00C04F79EFBC}") = "Lists", "Lists.csproj", "{D52F993F-9319-4C30-8E51-BD5931B2B7F6}"
EndProject
Global
	GlobalSection(SolutionConfigurationPlatforms) = preSolution
		Debug|Any CPU = Debug|Any CPU
		Release|Any CPU = Release|Any CPU
	EndGlobalSection
	GlobalSection(ProjectConfigurationPlatforms) = postSolution
		{D52F993F-9319-4C30-8E51-BD5931B2B7F6}.Debug|Any CPU.ActiveCfg = Debug|Any CPU
		{D52F993F-9319-4C30-8E51-BD5931B2B7F6}.Debug|Any CPU.Build.0 = Debug|Any CPU
		{D52F993F-9319-4C30-8E51-BD5931B2B7F6}.Release|Any CPU.ActiveCfg = Release|Any CPU
		{D52F993F-9319-4C30-8E51-BD5931B2B7F6}.Release|Any CPU.Build.0 = Release|Any CPU
	EndGlobalSection
	GlobalSection(SolutionProperties) = preSolution
		HideSolutionNode = FALSE
	EndGlobalSection
	GlobalSection(ExtensibilityGlobals) = postSolution
		SolutionGuid = {DB301E49-CEDB-47C1-AF64-3423743B953F}
	EndGlobalSection
EndGlobal
