
Microsoft Visual Studio Solution File, Format Version 12.00
# Visual Studio Version 17
VisualStudioVersion = 17.11.35312.102
MinimumVisualStudioVersion = 10.0.40219.1
Project("{FAE04EC0-301F-11D3-BF4B-00C04F79EFBC}") = "InheritanceType", "InheritanceType.csproj", "{65FD6343-0DF3-444E-A3A4-D2727DEAF5CF}"
EndProject
Global
	GlobalSection(SolutionConfigurationPlatforms) = preSolution
		Debug|Any CPU = Debug|Any CPU
		Release|Any CPU = Release|Any CPU
	EndGlobalSection
	GlobalSection(ProjectConfigurationPlatforms) = postSolution
		{65FD6343-0DF3-444E-A3A4-D2727DEAF5CF}.Debug|Any CPU.ActiveCfg = Debug|Any CPU
		{65FD6343-0DF3-444E-A3A4-D2727DEAF5CF}.Debug|Any CPU.Build.0 = Debug|Any CPU
		{65FD6343-0DF3-444E-A3A4-D2727DEAF5CF}.Release|Any CPU.ActiveCfg = Release|Any CPU
		{65FD6343-0DF3-444E-A3A4-D2727DEAF5CF}.Release|Any CPU.Build.0 = Release|Any CPU
	EndGlobalSection
	GlobalSection(SolutionProperties) = preSolution
		HideSolutionNode = FALSE
	EndGlobalSection
	GlobalSection(ExtensibilityGlobals) = postSolution
		SolutionGuid = {D979D8B9-2936-4567-BF6B-29F79B8399C3}
	EndGlobalSection
EndGlobal
