
Microsoft Visual Studio Solution File, Format Version 12.00
# Visual Studio Version 17
VisualStudioVersion = 17.11.35312.102
MinimumVisualStudioVersion = 10.0.40219.1
Project("{FAE04EC0-301F-11D3-BF4B-00C04F79EFBC}") = "GenericClass", "GenericClass.csproj", "{7D8E5177-D07D-4980-BFF1-55461C87F959}"
EndProject
Global
	GlobalSection(SolutionConfigurationPlatforms) = preSolution
		Debug|Any CPU = Debug|Any CPU
		Release|Any CPU = Release|Any CPU
	EndGlobalSection
	GlobalSection(ProjectConfigurationPlatforms) = postSolution
		{7D8E5177-D07D-4980-BFF1-55461C87F959}.Debug|Any CPU.ActiveCfg = Debug|Any CPU
		{7D8E5177-D07D-4980-BFF1-55461C87F959}.Debug|Any CPU.Build.0 = Debug|Any CPU
		{7D8E5177-D07D-4980-BFF1-55461C87F959}.Release|Any CPU.ActiveCfg = Release|Any CPU
		{7D8E5177-D07D-4980-BFF1-55461C87F959}.Release|Any CPU.Build.0 = Release|Any CPU
	EndGlobalSection
	GlobalSection(SolutionProperties) = preSolution
		HideSolutionNode = FALSE
	EndGlobalSection
	GlobalSection(ExtensibilityGlobals) = postSolution
		SolutionGuid = {AE09EFD3-DB4A-4A48-BB7C-507100DBF32D}
	EndGlobalSection
EndGlobal
