
Microsoft Visual Studio Solution File, Format Version 12.00
# Visual Studio Version 17
VisualStudioVersion = 17.11.35312.102
MinimumVisualStudioVersion = 10.0.40219.1
Project("{FAE04EC0-301F-11D3-BF4B-00C04F79EFBC}") = "MinMaxSwap", "MinMaxSwap.csproj", "{3DB005B0-7D7B-4919-BB0E-D131A38917B1}"
EndProject
Global
	GlobalSection(SolutionConfigurationPlatforms) = preSolution
		Debug|Any CPU = Debug|Any CPU
		Release|Any CPU = Release|Any CPU
	EndGlobalSection
	GlobalSection(ProjectConfigurationPlatforms) = postSolution
		{3DB005B0-7D7B-4919-BB0E-D131A38917B1}.Debug|Any CPU.ActiveCfg = Debug|Any CPU
		{3DB005B0-7D7B-4919-BB0E-D131A38917B1}.Debug|Any CPU.Build.0 = Debug|Any CPU
		{3DB005B0-7D7B-4919-BB0E-D131A38917B1}.Release|Any CPU.ActiveCfg = Release|Any CPU
		{3DB005B0-7D7B-4919-BB0E-D131A38917B1}.Release|Any CPU.Build.0 = Release|Any CPU
	EndGlobalSection
	GlobalSection(SolutionProperties) = preSolution
		HideSolutionNode = FALSE
	EndGlobalSection
	GlobalSection(ExtensibilityGlobals) = postSolution
		SolutionGuid = {CEF1321C-8D4A-4301-BBB2-0F3D11056D46}
	EndGlobalSection
EndGlobal
