
Microsoft Visual Studio Solution File, Format Version 12.00
# Visual Studio Version 17
VisualStudioVersion = 17.11.35312.102
MinimumVisualStudioVersion = 10.0.40219.1
Project("{FAE04EC0-301F-11D3-BF4B-00C04F79EFBC}") = "FandSLargest", "FandSLargest.csproj", "{29F8EBF9-1E8F-4C10-8212-02D9FCDBDFBD}"
EndProject
Global
	GlobalSection(SolutionConfigurationPlatforms) = preSolution
		Debug|Any CPU = Debug|Any CPU
		Release|Any CPU = Release|Any CPU
	EndGlobalSection
	GlobalSection(ProjectConfigurationPlatforms) = postSolution
		{29F8EBF9-1E8F-4C10-8212-02D9FCDBDFBD}.Debug|Any CPU.ActiveCfg = Debug|Any CPU
		{29F8EBF9-1E8F-4C10-8212-02D9FCDBDFBD}.Debug|Any CPU.Build.0 = Debug|Any CPU
		{29F8EBF9-1E8F-4C10-8212-02D9FCDBDFBD}.Release|Any CPU.ActiveCfg = Release|Any CPU
		{29F8EBF9-1E8F-4C10-8212-02D9FCDBDFBD}.Release|Any CPU.Build.0 = Release|Any CPU
	EndGlobalSection
	GlobalSection(SolutionProperties) = preSolution
		HideSolutionNode = FALSE
	EndGlobalSection
	GlobalSection(ExtensibilityGlobals) = postSolution
		SolutionGuid = {B77273A0-52C4-4F41-B527-06AF9E1F37A0}
	EndGlobalSection
EndGlobal
