
Microsoft Visual Studio Solution File, Format Version 12.00
# Visual Studio Version 17
VisualStudioVersion = 17.11.35312.102
MinimumVisualStudioVersion = 10.0.40219.1
Project("{FAE04EC0-301F-11D3-BF4B-00C04F79EFBC}") = "ExtnDemo", "ExtnDemo.csproj", "{EAFB7E8D-B93E-49B2-B4C9-1BCA69BFCC11}"
EndProject
Global
	GlobalSection(SolutionConfigurationPlatforms) = preSolution
		Debug|Any CPU = Debug|Any CPU
		Release|Any CPU = Release|Any CPU
	EndGlobalSection
	GlobalSection(ProjectConfigurationPlatforms) = postSolution
		{EAFB7E8D-B93E-49B2-B4C9-1BCA69BFCC11}.Debug|Any CPU.ActiveCfg = Debug|Any CPU
		{EAFB7E8D-B93E-49B2-B4C9-1BCA69BFCC11}.Debug|Any CPU.Build.0 = Debug|Any CPU
		{EAFB7E8D-B93E-49B2-B4C9-1BCA69BFCC11}.Release|Any CPU.ActiveCfg = Release|Any CPU
		{EAFB7E8D-B93E-49B2-B4C9-1BCA69BFCC11}.Release|Any CPU.Build.0 = Release|Any CPU
	EndGlobalSection
	GlobalSection(SolutionProperties) = preSolution
		HideSolutionNode = FALSE
	EndGlobalSection
	GlobalSection(ExtensibilityGlobals) = postSolution
		SolutionGuid = {5046781E-A024-4D6B-B722-A57DDCA45F69}
	EndGlobalSection
EndGlobal
