
Microsoft Visual Studio Solution File, Format Version 12.00
# Visual Studio Version 17
VisualStudioVersion = 17.11.35312.102
MinimumVisualStudioVersion = 10.0.40219.1
Project("{FAE04EC0-301F-11D3-BF4B-00C04F79EFBC}") = "DelegateDemo", "DelegateDemo.csproj", "{9F2069F5-ACB7-49F2-8D83-70F10C336108}"
EndProject
Global
	GlobalSection(SolutionConfigurationPlatforms) = preSolution
		Debug|Any CPU = Debug|Any CPU
		Release|Any CPU = Release|Any CPU
	EndGlobalSection
	GlobalSection(ProjectConfigurationPlatforms) = postSolution
		{9F2069F5-ACB7-49F2-8D83-70F10C336108}.Debug|Any CPU.ActiveCfg = Debug|Any CPU
		{9F2069F5-ACB7-49F2-8D83-70F10C336108}.Debug|Any CPU.Build.0 = Debug|Any CPU
		{9F2069F5-ACB7-49F2-8D83-70F10C336108}.Release|Any CPU.ActiveCfg = Release|Any CPU
		{9F2069F5-ACB7-49F2-8D83-70F10C336108}.Release|Any CPU.Build.0 = Release|Any CPU
	EndGlobalSection
	GlobalSection(SolutionProperties) = preSolution
		HideSolutionNode = FALSE
	EndGlobalSection
	GlobalSection(ExtensibilityGlobals) = postSolution
		SolutionGuid = {DCBC08E3-D80B-45E0-BCE8-743DBAD8B219}
	EndGlobalSection
EndGlobal
